
Microsoft Visual Studio Solution File, Format Version 12.00
# Visual Studio Version 17
VisualStudioVersion = 17.6.33815.320
MinimumVisualStudioVersion = 10.0.40219.1
Project("{FAE04EC0-301F-11D3-BF4B-00C04F79EFBC}") = "lc_intersection_of_two_linked_lists", "lc_intersection_of_two_linked_lists\lc_intersection_of_two_linked_lists.csproj", "{1C9492F1-21FE-4F86-B519-3C35928DB40F}"
EndProject
Global
	GlobalSection(SolutionConfigurationPlatforms) = preSolution
		Debug|Any CPU = Debug|Any CPU
		Release|Any CPU = Release|Any CPU
	EndGlobalSection
	GlobalSection(ProjectConfigurationPlatforms) = postSolution
		{1C9492F1-21FE-4F86-B519-3C35928DB40F}.Debug|Any CPU.ActiveCfg = Debug|Any CPU
		{1C9492F1-21FE-4F86-B519-3C35928DB40F}.Debug|Any CPU.Build.0 = Debug|Any CPU
		{1C9492F1-21FE-4F86-B519-3C35928DB40F}.Release|Any CPU.ActiveCfg = Release|Any CPU
		{1C9492F1-21FE-4F86-B519-3C35928DB40F}.Release|Any CPU.Build.0 = Release|Any CPU
	EndGlobalSection
	GlobalSection(SolutionProperties) = preSolution
		HideSolutionNode = FALSE
	EndGlobalSection
	GlobalSection(ExtensibilityGlobals) = postSolution
		SolutionGuid = {1E32D9B5-E099-4105-A744-FFAA806A585D}
	EndGlobalSection
EndGlobal
